Microsoft Visual Studio Solution File, Format Version 12.00
# Visual Studio 2013
VisualStudioVersion = 12.0.30501.0
MinimumVisualStudioVersion = 10.0.40219.1
Project("{FAE04EC0-301F-11D3-BF4B-00C04F79EFBC}") = "DemolitionRobots", "DemolitionRobots.csproj", "{A28E1ED0-A733-4FAE-838C-521859305BD7}"
EndProject
Global
	GlobalSection(SolutionConfigurationPlatforms) = preSolution
		Debug|Any CPU = Debug|Any CPU
		Release|Any CPU = Release|Any CPU
	EndGlobalSection
	GlobalSection(ProjectConfigurationPlatforms) = postSolution
		{C3DA2EFF-23EA-4D3C-8AFD-534D650DAFCB}.Debug|Any CPU.ActiveCfg = Debug|Any CPU
		{C3DA2EFF-23EA-4D3C-8AFD-534D650DAFCB}.Debug|Any CPU.Build.0 = Debug|Any CPU
		{C3DA2EFF-23EA-4D3C-8AFD-534D650DAFCB}.Release|Any CPU.ActiveCfg = Release|Any CPU
		{C3DA2EFF-23EA-4D3C-8AFD-534D650DAFCB}.Release|Any CPU.Build.0 = Release|Any CPU
		{329D3575-561C-4E12-A136-92399BC2D118}.Debug|Any CPU.ActiveCfg = Debug|Any CPU
		{329D3575-561C-4E12-A136-92399BC2D118}.Debug|Any CPU.Build.0 = Debug|Any CPU
		{329D3575-561C-4E12-A136-92399BC2D118}.Release|Any CPU.ActiveCfg = Release|Any CPU
		{329D3575-561C-4E12-A136-92399BC2D118}.Release|Any CPU.Build.0 = Release|Any CPU
		{8E73EEE6-6A00-43DF-A04C-B0BCC16D0E90}.Debug|Any CPU.ActiveCfg = Debug|Any CPU
		{8E73EEE6-6A00-43DF-A04C-B0BCC16D0E90}.Release|Any CPU.ActiveCfg = Release|Any CPU
		{8E73EEE6-6A00-43DF-A04C-B0BCC16D0E90}.Release|Any CPU.Build.0 = Release|Any CPU
		{34E3A8D5-7A6C-4C74-9114-EFA41026AC86}.Debug|Any CPU.ActiveCfg = Debug|Any CPU
		{34E3A8D5-7A6C-4C74-9114-EFA41026AC86}.Release|Any CPU.ActiveCfg = Release|Any CPU
		{34E3A8D5-7A6C-4C74-9114-EFA41026AC86}.Release|Any CPU.Build.0 = Release|Any CPU
		{C74C5E67-B16C-4485-837F-E17E120114B2}.Debug|Any CPU.ActiveCfg = Debug|Any CPU
		{C74C5E67-B16C-4485-837F-E17E120114B2}.Release|Any CPU.ActiveCfg = Release|Any CPU
		{C74C5E67-B16C-4485-837F-E17E120114B2}.Release|Any CPU.Build.0 = Release|Any CPU
		{A28E1ED0-A733-4FAE-838C-521859305BD7}.Debug|Any CPU.ActiveCfg = Debug|Any CPU
		{A28E1ED0-A733-4FAE-838C-521859305BD7}.Debug|Any CPU.Build.0 = Debug|Any CPU
		{A28E1ED0-A733-4FAE-838C-521859305BD7}.Release|Any CPU.ActiveCfg = Release|Any CPU
		{A28E1ED0-A733-4FAE-838C-521859305BD7}.Release|Any CPU.Build.0 = Release|Any CPU
		{440538BD-D0DE-407A-ABB1-52092F70DEA8}.Debug|Any CPU.ActiveCfg = Debug|Any CPU
		{440538BD-D0DE-407A-ABB1-52092F70DEA8}.Debug|Any CPU.Build.0 = Debug|Any CPU
		{440538BD-D0DE-407A-ABB1-52092F70DEA8}.Release|Any CPU.ActiveCfg = Release|Any CPU
		{440538BD-D0DE-407A-ABB1-52092F70DEA8}.Release|Any CPU.Build.0 = Release|Any CPU
		{F7069355-675B-430F-84F4-1D743B8FD543}.Debug|Any CPU.ActiveCfg = Debug|Any CPU
		{F7069355-675B-430F-84F4-1D743B8FD543}.Debug|Any CPU.Build.0 = Debug|Any CPU
		{F7069355-675B-430F-84F4-1D743B8FD543}.Release|Any CPU.ActiveCfg = Release|Any CPU
		{F7069355-675B-430F-84F4-1D743B8FD543}.Release|Any CPU.Build.0 = Release|Any CPU
	EndGlobalSection
	GlobalSection(SolutionProperties) = preSolution
		HideSolutionNode = FALSE
	EndGlobalSection
	GlobalSection(NestedProjects) = preSolution
		{C3DA2EFF-23EA-4D3C-8AFD-534D650DAFCB} = {F8E333E7-5798-4745-8668-FB65244FBFCD}
		{329D3575-561C-4E12-A136-92399BC2D118} = {F8E333E7-5798-4745-8668-FB65244FBFCD}
		{8E73EEE6-6A00-43DF-A04C-B0BCC16D0E90} = {F8E333E7-5798-4745-8668-FB65244FBFCD}
		{34E3A8D5-7A6C-4C74-9114-EFA41026AC86} = {F8E333E7-5798-4745-8668-FB65244FBFCD}
		{C74C5E67-B16C-4485-837F-E17E120114B2} = {F8E333E7-5798-4745-8668-FB65244FBFCD}
		{A28E1ED0-A733-4FAE-838C-521859305BD7} = {BE09EC2A-D9C1-460E-B06F-CEE07E1900D5}
		{440538BD-D0DE-407A-ABB1-52092F70DEA8} = {BE09EC2A-D9C1-460E-B06F-CEE07E1900D5}
		{F7069355-675B-430F-84F4-1D743B8FD543} = {BE09EC2A-D9C1-460E-B06F-CEE07E1900D5}
	EndGlobalSection
EndGlobal
